
Microsoft Visual Studio Solution File, Format Version 12.00
# Visual Studio Version 17
VisualStudioVersion = 17.1.32421.90
MinimumVisualStudioVersion = 10.0.40219.1
Project("{FAE04EC0-301F-11D3-BF4B-00C04F79EFBC}") = "NetworkStatistics", "NetworkStatistics\NetworkStatistics.csproj", "{36BA561B-927A-47F8-80D9-3DCEE7B9A178}"
EndProject
Global
	GlobalSection(SolutionConfigurationPlatforms) = preSolution
		Debug|Any CPU = Debug|Any CPU
		Release|Any CPU = Release|Any CPU
	EndGlobalSection
	GlobalSection(ProjectConfigurationPlatforms) = postSolution
		{36BA561B-927A-47F8-80D9-3DCEE7B9A178}.Debug|Any CPU.ActiveCfg = Debug|Any CPU
		{36BA561B-927A-47F8-80D9-3DCEE7B9A178}.Debug|Any CPU.Build.0 = Debug|Any CPU
		{36BA561B-927A-47F8-80D9-3DCEE7B9A178}.Release|Any CPU.ActiveCfg = Release|Any CPU
		{36BA561B-927A-47F8-80D9-3DCEE7B9A178}.Release|Any CPU.Build.0 = Release|Any CPU
	EndGlobalSection
	GlobalSection(SolutionProperties) = preSolution
		HideSolutionNode = FALSE
	EndGlobalSection
	GlobalSection(ExtensibilityGlobals) = postSolution
		SolutionGuid = {1EF70F04-8B78-4DE5-A6F4-2608261AFD00}
	EndGlobalSection
EndGlobal
